// !$*UTF8*$!
{
	archiveVersion = 1;
	classes = {
	};
	objectVersion = 48;
	objects = {

/* Begin PBXBuildFile section */
		9797756B1F9A8273005E9BF7 /* AppDelegate.swift in Sources */ = {isa = PBXBuildFile; fileRef = 9797756A1F9A8273005E9BF7 /* AppDelegate.swift */; };
		9797756D1F9A8273005E9BF7 /* ViewController.swift in Sources */ = {isa = PBXBuildFile; fileRef = 9797756C1F9A8273005E9BF7 /* ViewController.swift */; };
		979775701F9A8273005E9BF7 /* Main.storyboard in Resources */ = {isa = PBXBuildFile; fileRef = 9797756E1F9A8273005E9BF7 /* Main.storyboard */; };
		979775721F9A8273005E9BF7 /* Assets.xcassets in Resources */ = {isa = PBXBuildFile; fileRef = 979775711F9A8273005E9BF7 /* Assets.xcassets */; };
		979775751F9A8273005E9BF7 /* LaunchScreen.storyboard in Resources */ = {isa = PBXBuildFile; fileRef = 979775731F9A8273005E9BF7 /* LaunchScreen.storyboard */; };
		9797757A1F9A8273005E9BF7 /* toggleButton WatchKit App.app in Embed Watch Content */ = {isa = PBXBuildFile; fileRef = 979775791F9A8273005E9BF7 /* toggleButton WatchKit App.app */; };
		979775801F9A8273005E9BF7 /* Interface.storyboard in Resources */ = {isa = PBXBuildFile; fileRef = 9797757E1F9A8273005E9BF7 /* Interface.storyboard */; };
		979775821F9A8273005E9BF7 /* Assets.xcassets in Resources */ = {isa = PBXBuildFile; fileRef = 979775811F9A8273005E9BF7 /* Assets.xcassets */; };
		979775891F9A8273005E9BF7 /* toggleButton WatchKit Extension.appex in Embed App Extensions */ = {isa = PBXBuildFile; fileRef = 979775881F9A8273005E9BF7 /* toggleButton WatchKit Extension.appex */; settings = {ATTRIBUTES = (RemoveHeadersOnCopy, ); }; };
		9797758E1F9A8273005E9BF7 /* InterfaceController.swift in Sources */ = {isa = PBXBuildFile; fileRef = 9797758D1F9A8273005E9BF7 /* InterfaceController.swift */; };
		979775901F9A8273005E9BF7 /* ExtensionDelegate.swift in Sources */ = {isa = PBXBuildFile; fileRef = 9797758F1F9A8273005E9BF7 /* ExtensionDelegate.swift */; };
		979775921F9A8273005E9BF7 /* Assets.xcassets in Resources */ = {isa = PBXBuildFile; fileRef = 979775911F9A8273005E9BF7 /* Assets.xcassets */; };
		979775A21F9A9667005E9BF7 /* PaycomColors.swift in Sources */ = {isa = PBXBuildFile; fileRef = 979775A11F9A9667005E9BF7 /* PaycomColors.swift */; };
/* End PBXBuildFile section */

/* Begin PBXContainerItemProxy section */
		9797757B1F9A8273005E9BF7 /* PBXContainerItemProxy */ = {
			isa = PBXContainerItemProxy;
			containerPortal = 9797755F1F9A8273005E9BF7 /* Project object */;
			proxyType = 1;
			remoteGlobalIDString = 979775781F9A8273005E9BF7;
			remoteInfo = "toggleButton WatchKit App";
		};
		9797758A1F9A8273005E9BF7 /* PBXContainerItemProxy */ = {
			isa = PBXContainerItemProxy;
			containerPortal = 9797755F1F9A8273005E9BF7 /* Project object */;
			proxyType = 1;
			remoteGlobalIDString = 979775871F9A8273005E9BF7;
			remoteInfo = "toggleButton WatchKit Extension";
		};
/* End PBXContainerItemProxy section */

/* Begin PBXCopyFilesBuildPhase section */
		979775991F9A8273005E9BF7 /* Embed App Extensions */ = {
			isa = PBXCopyFilesBuildPhase;
			buildActionMask = 2147483647;
			dstPath = "";
			dstSubfolderSpec = 13;
			files = (
				979775891F9A8273005E9BF7 /* toggleButton WatchKit Extension.appex in Embed App Extensions */,
			);
			name = "Embed App Extensions";
			runOnlyForDeploymentPostprocessing = 0;
		};
		9797759D1F9A8273005E9BF7 /* Embed Watch Content */ = {
			isa = PBXCopyFilesBuildPhase;
			buildActionMask = 2147483647;
			dstPath = "$(CONTENTS_FOLDER_PATH)/Watch";
			dstSubfolderSpec = 16;
			files = (
				9797757A1F9A8273005E9BF7 /* toggleButton WatchKit App.app in Embed Watch Content */,
			);
			name = "Embed Watch Content";
			runOnlyForDeploymentPostprocessing = 0;
		};
/* End PBXCopyFilesBuildPhase section */

/* Begin PBXFileReference section */
		979775671F9A8273005E9BF7 /* toggleButton.app */ = {isa = PBXFileReference; explicitFileType = wrapper.application; includeInIndex = 0; path = toggleButton.app; sourceTree = BUILT_PRODUCTS_DIR; };
		9797756A1F9A8273005E9BF7 /* AppDelegate.swift */ = {isa = PBXFileReference; lastKnownFileType = sourcecode.swift; path = AppDelegate.swift; sourceTree = "<group>"; };
		9797756C1F9A8273005E9BF7 /* ViewController.swift */ = {isa = PBXFileReference; lastKnownFileType = sourcecode.swift; path = ViewController.swift; sourceTree = "<group>"; };
		9797756F1F9A8273005E9BF7 /* Base */ = {isa = PBXFileReference; lastKnownFileType = file.storyboard; name = Base; path = Base.lproj/Main.storyboard; sourceTree = "<group>"; };
		979775711F9A8273005E9BF7 /* Assets.xcassets */ = {isa = PBXFileReference; lastKnownFileType = folder.assetcatalog; path = Assets.xcassets; sourceTree = "<group>"; };
		979775741F9A8273005E9BF7 /* Base */ = {isa = PBXFileReference; lastKnownFileType = file.storyboard; name = Base; path = Base.lproj/LaunchScreen.storyboard; sourceTree = "<group>"; };
		979775761F9A8273005E9BF7 /* Info.plist */ = {isa = PBXFileReference; lastKnownFileType = text.plist.xml; path = Info.plist; sourceTree = "<group>"; };
		979775791F9A8273005E9BF7 /* toggleButton WatchKit App.app */ = {isa = PBXFileReference; explicitFileType = wrapper.application; includeInIndex = 0; path = "toggleButton WatchKit App.app"; sourceTree = BUILT_PRODUCTS_DIR; };
		9797757F1F9A8273005E9BF7 /* Base */ = {isa = PBXFileReference; lastKnownFileType = file.storyboard; name = Base; path = Base.lproj/Interface.storyboard; sourceTree = "<group>"; };
		979775811F9A8273005E9BF7 /* Assets.xcassets */ = {isa = PBXFileReference; lastKnownFileType = folder.assetcatalog; path = Assets.xcassets; sourceTree = "<group>"; };
		979775831F9A8273005E9BF7 /* Info.plist */ = {isa = PBXFileReference; lastKnownFileType = text.plist.xml; path = Info.plist; sourceTree = "<group>"; };
		979775881F9A8273005E9BF7 /* toggleButton WatchKit Extension.appex */ = {isa = PBXFileReference; explicitFileType = "wrapper.app-extension"; includeInIndex = 0; path = "toggleButton WatchKit Extension.appex"; sourceTree = BUILT_PRODUCTS_DIR; };
		9797758D1F9A8273005E9BF7 /* InterfaceController.swift */ = {isa = PBXFileReference; lastKnownFileType = sourcecode.swift; path = InterfaceController.swift; sourceTree = "<group>"; };
		9797758F1F9A8273005E9BF7 /* ExtensionDelegate.swift */ = {isa = PBXFileReference; lastKnownFileType = sourcecode.swift; path = ExtensionDelegate.swift; sourceTree = "<group>"; };
		979775911F9A8273005E9BF7 /* Assets.xcassets */ = {isa = PBXFileReference; lastKnownFileType = folder.assetcatalog; path = Assets.xcassets; sourceTree = "<group>"; };
		979775931F9A8273005E9BF7 /* Info.plist */ = {isa = PBXFileReference; lastKnownFileType = text.plist.xml; path = Info.plist; sourceTree = "<group>"; };
		979775A11F9A9667005E9BF7 /* PaycomColors.swift */ = {isa = PBXFileReference; fileEncoding = 4; lastKnownFileType = sourcecode.swift; path = PaycomColors.swift; sourceTree = "<group>"; };
/* End PBXFileReference section */

/* Begin PBXFrameworksBuildPhase section */
		979775641F9A8273005E9BF7 /* Frameworks */ = {
			isa = PBXFrameworksBuildPhase;
			buildActionMask = 2147483647;
			files = (
			);
			runOnlyForDeploymentPostprocessing = 0;
		};
		979775851F9A8273005E9BF7 /* Frameworks */ = {
			isa = PBXFrameworksBuildPhase;
			buildActionMask = 2147483647;
			files = (
			);
			runOnlyForDeploymentPostprocessing = 0;
		};
/* End PBXFrameworksBuildPhase section */

/* Begin PBXGroup section */
		9797755E1F9A8273005E9BF7 = {
			isa = PBXGroup;
			children = (
				979775691F9A8273005E9BF7 /* toggleButton */,
				9797757D1F9A8273005E9BF7 /* toggleButton WatchKit App */,
				9797758C1F9A8273005E9BF7 /* toggleButton WatchKit Extension */,
				979775681F9A8273005E9BF7 /* Products */,
			);
			sourceTree = "<group>";
		};
		979775681F9A8273005E9BF7 /* Products */ = {
			isa = PBXGroup;
			children = (
				979775671F9A8273005E9BF7 /* toggleButton.app */,
				979775791F9A8273005E9BF7 /* toggleButton WatchKit App.app */,
				979775881F9A8273005E9BF7 /* toggleButton WatchKit Extension.appex */,
			);
			name = Products;
			sourceTree = "<group>";
		};
		979775691F9A8273005E9BF7 /* toggleButton */ = {
			isa = PBXGroup;
			children = (
				9797756A1F9A8273005E9BF7 /* AppDelegate.swift */,
				9797756C1F9A8273005E9BF7 /* ViewController.swift */,
				9797756E1F9A8273005E9BF7 /* Main.storyboard */,
				979775711F9A8273005E9BF7 /* Assets.xcassets */,
				979775731F9A8273005E9BF7 /* LaunchScreen.storyboard */,
				979775761F9A8273005E9BF7 /* Info.plist */,
			);
			path = toggleButton;
			sourceTree = "<group>";
		};
		9797757D1F9A8273005E9BF7 /* toggleButton WatchKit App */ = {
			isa = PBXGroup;
			children = (
				9797757E1F9A8273005E9BF7 /* Interface.storyboard */,
				979775811F9A8273005E9BF7 /* Assets.xcassets */,
				979775831F9A8273005E9BF7 /* Info.plist */,
			);
			path = "toggleButton WatchKit App";
			sourceTree = "<group>";
		};
		9797758C1F9A8273005E9BF7 /* toggleButton WatchKit Extension */ = {
			isa = PBXGroup;
			children = (
				979775A11F9A9667005E9BF7 /* PaycomColors.swift */,
				9797758D1F9A8273005E9BF7 /* InterfaceController.swift */,
				9797758F1F9A8273005E9BF7 /* ExtensionDelegate.swift */,
				979775911F9A8273005E9BF7 /* Assets.xcassets */,
				979775931F9A8273005E9BF7 /* Info.plist */,
			);
			path = "toggleButton WatchKit Extension";
			sourceTree = "<group>";
		};
/* End PBXGroup section */

/* Begin PBXNativeTarget section */
		979775661F9A8273005E9BF7 /* toggleButton */ = {
			isa = PBXNativeTarget;
			buildConfigurationList = 9797759E1F9A8273005E9BF7 /* Build configuration list for PBXNativeTarget "toggleButton" */;
			buildPhases = (
				979775631F9A8273005E9BF7 /* Sources */,
				979775641F9A8273005E9BF7 /* Frameworks */,
				979775651F9A8273005E9BF7 /* Resources */,
				9797759D1F9A8273005E9BF7 /* Embed Watch Content */,
			);
			buildRules = (
			);
			dependencies = (
				9797757C1F9A8273005E9BF7 /* PBXTargetDependency */,
			);
			name = toggleButton;
			productName = toggleButton;
			productReference = 979775671F9A8273005E9BF7 /* toggleButton.app */;
			productType = "com.apple.product-type.application";
		};
		979775781F9A8273005E9BF7 /* toggleButton WatchKit App */ = {
			isa = PBXNativeTarget;
			buildConfigurationList = 9797759A1F9A8273005E9BF7 /* Build configuration list for PBXNativeTarget "toggleButton WatchKit App" */;
			buildPhases = (
				979775771F9A8273005E9BF7 /* Resources */,
				979775991F9A8273005E9BF7 /* Embed App Extensions */,
			);
			buildRules = (
			);
			dependencies = (
				9797758B1F9A8273005E9BF7 /* PBXTargetDependency */,
			);
			name = "toggleButton WatchKit App";
			productName = "toggleButton WatchKit App";
			productReference = 979775791F9A8273005E9BF7 /* toggleButton WatchKit App.app */;
			productType = "com.apple.product-type.application.watchapp2";
		};
		979775871F9A8273005E9BF7 /* toggleButton WatchKit Extension */ = {
			isa = PBXNativeTarget;
			buildConfigurationList = 979775961F9A8273005E9BF7 /* Build configuration list for PBXNativeTarget "toggleButton WatchKit Extension" */;
			buildPhases = (
				979775841F9A8273005E9BF7 /* Sources */,
				979775851F9A8273005E9BF7 /* Frameworks */,
				979775861F9A8273005E9BF7 /* Resources */,
			);
			buildRules = (
			);
			dependencies = (
			);
			name = "toggleButton WatchKit Extension";
			productName = "toggleButton WatchKit Extension";
			productReference = 979775881F9A8273005E9BF7 /* toggleButton WatchKit Extension.appex */;
			productType = "com.apple.product-type.watchkit2-extension";
		};
/* End PBXNativeTarget section */

/* Begin PBXProject section */
		9797755F1F9A8273005E9BF7 /* Project object */ = {
			isa = PBXProject;
			attributes = {
				LastSwiftUpdateCheck = 0900;
				LastUpgradeCheck = 0900;
				ORGANIZATIONNAME = "Dave Johnson";
				TargetAttributes = {
					979775661F9A8273005E9BF7 = {
						CreatedOnToolsVersion = 9.0.1;
						ProvisioningStyle = Automatic;
					};
					979775781F9A8273005E9BF7 = {
						CreatedOnToolsVersion = 9.0.1;
						ProvisioningStyle = Automatic;
					};
					979775871F9A8273005E9BF7 = {
						CreatedOnToolsVersion = 9.0.1;
						ProvisioningStyle = Automatic;
					};
				};
			};
			buildConfigurationList = 979775621F9A8273005E9BF7 /* Build configuration list for PBXProject "toggleButton" */;
			compatibilityVersion = "Xcode 8.0";
			developmentRegion = en;
			hasScannedForEncodings = 0;
			knownRegions = (
				en,
				Base,
			);
			mainGroup = 9797755E1F9A8273005E9BF7;
			productRefGroup = 979775681F9A8273005E9BF7 /* Products */;
			projectDirPath = "";
			projectRoot = "";
			targets = (
				979775661F9A8273005E9BF7 /* toggleButton */,
				979775781F9A8273005E9BF7 /* toggleButton WatchKit App */,
				979775871F9A8273005E9BF7 /* toggleButton WatchKit Extension */,
			);
		};
/* End PBXProject section */

/* Begin PBXResourcesBuildPhase section */
		979775651F9A8273005E9BF7 /* Resources */ = {
			isa = PBXResourcesBuildPhase;
			buildActionMask = 2147483647;
			files = (
				979775751F9A8273005E9BF7 /* LaunchScreen.storyboard in Resources */,
				979775721F9A8273005E9BF7 /* Assets.xcassets in Resources */,
				979775701F9A8273005E9BF7 /* Main.storyboard in Resources */,
			);
			runOnlyForDeploymentPostprocessing = 0;
		};
		979775771F9A8273005E9BF7 /* Resources */ = {
			isa = PBXResourcesBuildPhase;
			buildActionMask = 2147483647;
			files = (
				979775821F9A8273005E9BF7 /* Assets.xcassets in Resources */,
				979775801F9A8273005E9BF7 /* Interface.storyboard in Resources */,
			);
			runOnlyForDeploymentPostprocessing = 0;
		};
		979775861F9A8273005E9BF7 /* Resources */ = {
			isa = PBXResourcesBuildPhase;
			buildActionMask = 2147483647;
			files = (
				979775921F9A8273005E9BF7 /* Assets.xcassets in Resources */,
			);
			runOnlyForDeploymentPostprocessing = 0;
		};
/* End PBXResourcesBuildPhase section */

/* Begin PBXSourcesBuildPhase section */
		979775631F9A8273005E9BF7 /* Sources */ = {
			isa = PBXSourcesBuildPhase;
			buildActionMask = 2147483647;
			files = (
				9797756D1F9A8273005E9BF7 /* ViewController.swift in Sources */,
				9797756B1F9A8273005E9BF7 /* AppDelegate.swift in Sources */,
			);
			runOnlyForDeploymentPostprocessing = 0;
		};
		979775841F9A8273005E9BF7 /* Sources */ = {
			isa = PBXSourcesBuildPhase;
			buildActionMask = 2147483647;
			files = (
				979775901F9A8273005E9BF7 /* ExtensionDelegate.swift in Sources */,
				979775A21F9A9667005E9BF7 /* PaycomColors.swift in Sources */,
				9797758E1F9A8273005E9BF7 /* InterfaceController.swift in Sources */,
			);
			runOnlyForDeploymentPostprocessing = 0;
		};
/* End PBXSourcesBuildPhase section */

/* Begin PBXTargetDependency section */
		9797757C1F9A8273005E9BF7 /* PBXTargetDependency */ = {
			isa = PBXTargetDependency;
			target = 979775781F9A8273005E9BF7 /* toggleButton WatchKit App */;
			targetProxy = 9797757B1F9A8273005E9BF7 /* PBXContainerItemProxy */;
		};
		9797758B1F9A8273005E9BF7 /* PBXTargetDependency */ = {
			isa = PBXTargetDependency;
			target = 979775871F9A8273005E9BF7 /* toggleButton WatchKit Extension */;
			targetProxy = 9797758A1F9A8273005E9BF7 /* PBXContainerItemProxy */;
		};
/* End PBXTargetDependency section */

/* Begin PBXVariantGroup section */
		9797756E1F9A8273005E9BF7 /* Main.storyboard */ = {
			isa = PBXVariantGroup;
			children = (
				9797756F1F9A8273005E9BF7 /* Base */,
			);
			name = Main.storyboard;
			sourceTree = "<group>";
		};
		979775731F9A8273005E9BF7 /* LaunchScreen.storyboard */ = {
			isa = PBXVariantGroup;
			children = (
				979775741F9A8273005E9BF7 /* Base */,
			);
			name = LaunchScreen.storyboard;
			sourceTree = "<group>";
		};
		9797757E1F9A8273005E9BF7 /* Interface.storyboard */ = {
			isa = PBXVariantGroup;
			children = (
				9797757F1F9A8273005E9BF7 /* Base */,
			);
			name = Interface.storyboard;
			sourceTree = "<group>";
		};
/* End PBXVariantGroup section */

/* Begin XCBuildConfiguration section */
		979775941F9A8273005E9BF7 /* Debug */ = {
			isa = XCBuildConfiguration;
			buildSettings = {
				ALWAYS_SEARCH_USER_PATHS = NO;
				CLANG_ANALYZER_NONNULL = YES;
				CLANG_ANALYZER_NUMBER_OBJECT_CONVERSION = YES_AGGRESSIVE;
				CLANG_CXX_LANGUAGE_STANDARD = "gnu++14";
				CLANG_CXX_LIBRARY = "libc++";
				CLANG_ENABLE_MODULES = YES;
				CLANG_ENABLE_OBJC_ARC = YES;
				CLANG_WARN_BLOCK_CAPTURE_AUTORELEASING = YES;
				CLANG_WARN_BOOL_CONVERSION = YES;
				CLANG_WARN_COMMA = YES;
				CLANG_WARN_CONSTANT_CONVERSION = YES;
				CLANG_WARN_DIRECT_OBJC_ISA_USAGE = YES_ERROR;
				CLANG_WARN_DOCUMENTATION_COMMENTS = YES;
				CLANG_WARN_EMPTY_BODY = YES;
				CLANG_WARN_ENUM_CONVERSION = YES;
				CLANG_WARN_INFINITE_RECURSION = YES;
				CLANG_WARN_INT_CONVERSION = YES;
				CLANG_WARN_NON_LITERAL_NULL_CONVERSION = YES;
				CLANG_WARN_OBJC_LITERAL_CONVERSION = YES;
				CLANG_WARN_OBJC_ROOT_CLASS = YES_ERROR;
				CLANG_WARN_RANGE_LOOP_ANALYSIS = YES;
				CLANG_WARN_STRICT_PROTOTYPES = YES;
				CLANG_WARN_SUSPICIOUS_MOVE = YES;
				CLANG_WARN_UNGUARDED_AVAILABILITY = YES_AGGRESSIVE;
				CLANG_WARN_UNREACHABLE_CODE = YES;
				CLANG_WARN__DUPLICATE_METHOD_MATCH = YES;
				CODE_SIGN_IDENTITY = "iPhone Developer";
				COPY_PHASE_STRIP = NO;
				DEBUG_INFORMATION_FORMAT = dwarf;
				ENABLE_STRICT_OBJC_MSGSEND = YES;
				ENABLE_TESTABILITY = YES;
				GCC_C_LANGUAGE_STANDARD = gnu11;
				GCC_DYNAMIC_NO_PIC = NO;
				GCC_NO_COMMON_BLOCKS = YES;
				GCC_OPTIMIZATION_LEVEL = 0;
				GCC_PREPROCESSOR_DEFINITIONS = (
					"DEBUG=1",
					"$(inherited)",
				);
				GCC_WARN_64_TO_32_BIT_CONVERSION = YES;
				GCC_WARN_ABOUT_RETURN_TYPE = YES_ERROR;
				GCC_WARN_UNDECLARED_SELECTOR = YES;
				GCC_WARN_UNINITIALIZED_AUTOS = YES_AGGRESSIVE;
				GCC_WARN_UNUSED_FUNCTION = YES;
				GCC_WARN_UNUSED_VARIABLE = YES;
				IPHONEOS_DEPLOYMENT_TARGET = 11.0;
				MTL_ENABLE_DEBUG_INFO = YES;
				ONLY_ACTIVE_ARCH = YES;
				SDKROOT = iphoneos;
				SWIFT_ACTIVE_COMPILATION_CONDITIONS = DEBUG;
				SWIFT_OPTIMIZATION_LEVEL = "-Onone";
			};
			name = Debug;
		};
		979775951F9A8273005E9BF7 /* Release */ = {
			isa = XCBuildConfiguration;
			buildSettings = {
				ALWAYS_SEARCH_USER_PATHS = NO;
				CLANG_ANALYZER_NONNULL = YES;
				CLANG_ANALYZER_NUMBER_OBJECT_CONVERSION = YES_AGGRESSIVE;
				CLANG_CXX_LANGUAGE_STANDARD = "gnu++14";
				CLANG_CXX_LIBRARY = "libc++";
				CLANG_ENABLE_MODULES = YES;
				CLANG_ENABLE_OBJC_ARC = YES;
				CLANG_WARN_BLOCK_CAPTURE_AUTORELEASING = YES;
				CLANG_WARN_BOOL_CONVERSION = YES;
				CLANG_WARN_COMMA = YES;
				CLANG_WARN_CONSTANT_CONVERSION = YES;
				CLANG_WARN_DIRECT_OBJC_ISA_USAGE = YES_ERROR;
				CLANG_WARN_DOCUMENTATION_COMMENTS = YES;
				CLANG_WARN_EMPTY_BODY = YES;
				CLANG_WARN_ENUM_CONVERSION = YES;
				CLANG_WARN_INFINITE_RECURSION = YES;
				CLANG_WARN_INT_CONVERSION = YES;
				CLANG_WARN_NON_LITERAL_NULL_CONVERSION = YES;
				CLANG_WARN_OBJC_LITERAL_CONVERSION = YES;
				CLANG_WARN_OBJC_ROOT_CLASS = YES_ERROR;
				CLANG_WARN_RANGE_LOOP_ANALYSIS = YES;
				CLANG_WARN_STRICT_PROTOTYPES = YES;
				CLANG_WARN_SUSPICIOUS_MOVE = YES;
				CLANG_WARN_UNGUARDED_AVAILABILITY = YES_AGGRESSIVE;
				CLANG_WARN_UNREACHABLE_CODE = YES;
				CLANG_WARN__DUPLICATE_METHOD_MATCH = YES;
				CODE_SIGN_IDENTITY = "iPhone Developer";
				COPY_PHASE_STRIP = NO;
				DEBUG_INFORMATION_FORMAT = "dwarf-with-dsym";
				ENABLE_NS_ASSERTIONS = NO;
				ENABLE_STRICT_OBJC_MSGSEND = YES;
				GCC_C_LANGUAGE_STANDARD = gnu11;
				GCC_NO_COMMON_BLOCKS = YES;
				GCC_WARN_64_TO_32_BIT_CONVERSION = YES;
				GCC_WARN_ABOUT_RETURN_TYPE = YES_ERROR;
				GCC_WARN_UNDECLARED_SELECTOR = YES;
				GCC_WARN_UNINITIALIZED_AUTOS = YES_AGGRESSIVE;
				GCC_WARN_UNUSED_FUNCTION = YES;
				GCC_WARN_UNUSED_VARIABLE = YES;
				IPHONEOS_DEPLOYMENT_TARGET = 11.0;
				MTL_ENABLE_DEBUG_INFO = NO;
				SDKROOT = iphoneos;
				SWIFT_OPTIMIZATION_LEVEL = "-Owholemodule";
				VALIDATE_PRODUCT = YES;
			};
			name = Release;
		};
		979775971F9A8273005E9BF7 /* Debug */ = {
			isa = XCBuildConfiguration;
			buildSettings = {
				ASSETCATALOG_COMPILER_COMPLICATION_NAME = Complication;
				CODE_SIGN_STYLE = Automatic;
				DEVELOPMENT_TEAM = VV2S76Z5K4;
				INFOPLIST_FILE = "toggleButton WatchKit Extension/Info.plist";
				LD_RUNPATH_SEARCH_PATHS = "$(inherited) @executable_path/Frameworks @executable_path/../../Frameworks";
				PRODUCT_BUNDLE_IDENTIFIER = com.27thletter.toggleButton.watchkitapp.watchkitextension;
				PRODUCT_NAME = "${TARGET_NAME}";
				SDKROOT = watchos;
				SKIP_INSTALL = YES;
				SWIFT_VERSION = 4.0;
				TARGETED_DEVICE_FAMILY = 4;
				WATCHOS_DEPLOYMENT_TARGET = 4.0;
			};
			name = Debug;
		};
		979775981F9A8273005E9BF7 /* Release */ = {
			isa = XCBuildConfiguration;
			buildSettings = {
				ASSETCATALOG_COMPILER_COMPLICATION_NAME = Complication;
				CODE_SIGN_STYLE = Automatic;
				DEVELOPMENT_TEAM = VV2S76Z5K4;
				INFOPLIST_FILE = "toggleButton WatchKit Extension/Info.plist";
				LD_RUNPATH_SEARCH_PATHS = "$(inherited) @executable_path/Frameworks @executable_path/../../Frameworks";
				PRODUCT_BUNDLE_IDENTIFIER = com.27thletter.toggleButton.watchkitapp.watchkitextension;
				PRODUCT_NAME = "${TARGET_NAME}";
				SDKROOT = watchos;
				SKIP_INSTALL = YES;
				SWIFT_VERSION = 4.0;
				TARGETED_DEVICE_FAMILY = 4;
				WATCHOS_DEPLOYMENT_TARGET = 4.0;
			};
			name = Release;
		};
		9797759B1F9A8273005E9BF7 /* Debug */ = {
			isa = XCBuildConfiguration;
			buildSettings = {
				ALWAYS_EMBED_SWIFT_STANDARD_LIBRARIES = YES;
				ASSETCATALOG_COMPILER_APPICON_NAME = AppIcon;
				CODE_SIGN_STYLE = Automatic;
				DEVELOPMENT_TEAM = VV2S76Z5K4;
				IBSC_MODULE = toggleButton_WatchKit_Extension;
				INFOPLIST_FILE = "toggleButton WatchKit App/Info.plist";
				PRODUCT_BUNDLE_IDENTIFIER = com.27thletter.toggleButton.watchkitapp;
				PRODUCT_NAME = "$(TARGET_NAME)";
				SDKROOT = watchos;
				SKIP_INSTALL = YES;
				SWIFT_VERSION = 4.0;
				TARGETED_DEVICE_FAMILY = 4;
				WATCHOS_DEPLOYMENT_TARGET = 4.0;
			};
			name = Debug;
		};
		9797759C1F9A8273005E9BF7 /* Release */ = {
			isa = XCBuildConfiguration;
			buildSettings = {
				ALWAYS_EMBED_SWIFT_STANDARD_LIBRARIES = YES;
				ASSETCATALOG_COMPILER_APPICON_NAME = AppIcon;
				CODE_SIGN_STYLE = Automatic;
				DEVELOPMENT_TEAM = VV2S76Z5K4;
				IBSC_MODULE = toggleButton_WatchKit_Extension;
				INFOPLIST_FILE = "toggleButton WatchKit App/Info.plist";
				PRODUCT_BUNDLE_IDENTIFIER = com.27thletter.toggleButton.watchkitapp;
				PRODUCT_NAME = "$(TARGET_NAME)";
				SDKROOT = watchos;
				SKIP_INSTALL = YES;
				SWIFT_VERSION = 4.0;
				TARGETED_DEVICE_FAMILY = 4;
				WATCHOS_DEPLOYMENT_TARGET = 4.0;
			};
			name = Release;
		};
		9797759F1F9A8273005E9BF7 /* Debug */ = {
			isa = XCBuildConfiguration;
			buildSettings = {
				ASSETCATALOG_COMPILER_APPICON_NAME = AppIcon;
				CODE_SIGN_STYLE = Automatic;
				DEVELOPMENT_TEAM = VV2S76Z5K4;
				INFOPLIST_FILE = toggleButton/Info.plist;
				LD_RUNPATH_SEARCH_PATHS = "$(inherited) @executable_path/Frameworks";
				PRODUCT_BUNDLE_IDENTIFIER = com.27thletter.toggleButton;
				PRODUCT_NAME = "$(TARGET_NAME)";
				SWIFT_VERSION = 4.0;
				TARGETED_DEVICE_FAMILY = "1,2";
			};
			name = Debug;
		};
		979775A01F9A8273005E9BF7 /* Release */ = {
			isa = XCBuildConfiguration;
			buildSettings = {
				ASSETCATALOG_COMPILER_APPICON_NAME = AppIcon;
				CODE_SIGN_STYLE = Automatic;
				DEVELOPMENT_TEAM = VV2S76Z5K4;
				INFOPLIST_FILE = toggleButton/Info.plist;
				LD_RUNPATH_SEARCH_PATHS = "$(inherited) @executable_path/Frameworks";
				PRODUCT_BUNDLE_IDENTIFIER = com.27thletter.toggleButton;
				PRODUCT_NAME = "$(TARGET_NAME)";
				SWIFT_VERSION = 4.0;
				TARGETED_DEVICE_FAMILY = "1,2";
			};
			name = Release;
		};
/* End XCBuildConfiguration section */

/* Begin XCConfigurationList section */
		979775621F9A8273005E9BF7 /* Build configuration list for PBXProject "toggleButton" */ = {
			isa = XCConfigurationList;
			buildConfigurations = (
				979775941F9A8273005E9BF7 /* Debug */,
				979775951F9A8273005E9BF7 /* Release */,
			);
			defaultConfigurationIsVisible = 0;
			defaultConfigurationName = Release;
		};
		979775961F9A8273005E9BF7 /* Build configuration list for PBXNativeTarget "toggleButton WatchKit Extension" */ = {
			isa = XCConfigurationList;
			buildConfigurations = (
				979775971F9A8273005E9BF7 /* Debug */,
				979775981F9A8273005E9BF7 /* Release */,
			);
			defaultConfigurationIsVisible = 0;
			defaultConfigurationName = Release;
		};
		9797759A1F9A8273005E9BF7 /* Build configuration list for PBXNativeTarget "toggleButton WatchKit App" */ = {
			isa = XCConfigurationList;
			buildConfigurations = (
				9797759B1F9A8273005E9BF7 /* Debug */,
				9797759C1F9A8273005E9BF7 /* Release */,
			);
			defaultConfigurationIsVisible = 0;
			defaultConfigurationName = Release;
		};
		9797759E1F9A8273005E9BF7 /* Build configuration list for PBXNativeTarget "toggleButton" */ = {
			isa = XCConfigurationList;
			buildConfigurations = (
				9797759F1F9A8273005E9BF7 /* Debug */,
				979775A01F9A8273005E9BF7 /* Release */,
			);
			defaultConfigurationIsVisible = 0;
			defaultConfigurationName = Release;
		};
/* End XCConfigurationList section */
	};
	rootObject = 9797755F1F9A8273005E9BF7 /* Project object */;
}
